[[package]]
name = "astropy"
version = "3.2.3"
description = "Community-developed python astronomy tools"
category = "main"
optional = false
python-versions = ">=3.5"

[package.dependencies]
numpy = ">=1.13"

[package.extras]
all = ["scipy", "h5py", "beautifulsoup4", "html5lib", "bleach", "pyyaml", "pandas", "sortedcontainers", "pytz", "jplephem", "matplotlib (>=2.0)", "scikit-image", "mpmath", "asdf (>=2.3)", "bottleneck", "ipython", "pytest"]
docs = ["sphinx-astropy"]
test = ["pytest-astropy", "pytest-xdist", "pytest-mpl", "objgraph", "ipython", "coverage", "skyfield"]

[[package]]
name = "epochs"
version = "0.2.0"
description = "Python package to handle configuration files specifying values changing over time"
category = "main"
optional = false
python-versions = "*"

[[package]]
name = "numpy"
version = "1.21.1"
description = "NumPy is the fundamental package for array computing with Python."
category = "main"
optional = false
python-versions = ">=3.7"

[[package]]
name = "python-dateutil"
version = "2.8.2"
description = "Extensions to the standard Python datetime module"
category = "main"
optional = false
python-versions = "!=3.0.*,!=3.1.*,!=3.2.*,>=2.7"

[package.dependencies]
six = ">=1.5"

[[package]]
name = "six"
version = "1.16.0"
description = "Python 2 and 3 compatibility utilities"
category = "main"
optional = false
python-versions = ">=2.7, !=3.0.*, !=3.1.*, !=3.2.*"

[metadata]
lock-version = "1.1"
python-versions = "^3.7"
content-hash = "0ad4338c9119d254b17b56ddd474df40b64b1fc479337c3089788bc9c466a77a"

[metadata.files]
astropy = [
    {file = "astropy-3.2.3-cp35-cp35m-macosx_10_6_intel.macosx_10_9_intel.macosx_10_9_x86_64.macosx_10_10_intel.macosx_10_10_x86_64.whl", hash = "sha256:cad36fd1a1fcb676a0be42b74c5d2f559d1cbb8116d08e100421b6809edeb339"},
    {file = "astropy-3.2.3-cp35-cp35m-macosx_10_6_intel.whl", hash = "sha256:c2c75bd2a74ecec5a1ea09c1cf442be4adb37bc5ad904e7c437409755677abdc"},
    {file = "astropy-3.2.3-cp35-cp35m-manylinux1_i686.whl", hash = "sha256:78636648183cb0efe14d887a2dddd9877048d76121ca221571322405c0f07eb9"},
    {file = "astropy-3.2.3-cp35-cp35m-manylinux1_x86_64.whl", hash = "sha256:cfc4f02f8780fe23ff1e057c16d6318ad643e1d811e5052383fc42d603a36e2e"},
    {file = "astropy-3.2.3-cp35-cp35m-win32.whl", hash = "sha256:57f3f6b21b8e3629a1bd436594e141e24b7ce0e6b26194e2872599391a8245e8"},
    {file = "astropy-3.2.3-cp35-cp35m-win_amd64.whl", hash = "sha256:2375c06ea92b56b8ee2d54b8930a8b28cf3d7532b200c94f05e44acaa6bd5037"},
    {file = "astropy-3.2.3-cp36-cp36m-macosx_10_6_intel.macosx_10_9_intel.macosx_10_9_x86_64.macosx_10_10_intel.macosx_10_10_x86_64.whl", hash = "sha256:3a75065e9194756ba1732aa725ea41ce46ec6389a851d35071940aa60e5fa4b4"},
    {file = "astropy-3.2.3-cp36-cp36m-macosx_10_6_intel.whl", hash = "sha256:af87375bca7325fadd8cacf15446abeae68181b58fbc5b92732dd02e08033df1"},
    {file = "astropy-3.2.3-cp36-cp36m-manylinux1_i686.whl", hash = "sha256:99cbddc61cfc061fdf73ef000d7c548264bdf131a8e00652ab7183e41265a7b8"},
    {file = "astropy-3.2.3-cp36-cp36m-manylinux1_x86_64.whl", hash = "sha256:cdd87113f16a5c07522dbb30898cf6ba6571cbf912efff06da37342851d08a9d"},
    {file = "astropy-3.2.3-cp36-cp36m-win32.whl", hash = "sha256:26205b678153faf2cfdd4dcf3fb3fab94b33cbda4f6158e9d9fbe33a6c788f3e"},
    {file = "astropy-3.2.3-cp36-cp36m-win_amd64.whl", hash = "sha256:eaaf8149e27bf247132cc330ac918e3d2a72c4b5c59077da7162a09bd9a4c6b5"},
    {file = "astropy-3.2.3-cp37-cp37m-macosx_10_6_intel.macosx_10_9_intel.macosx_10_9_x86_64.macosx_10_10_intel.macosx_10_10_x86_64.whl", hash = "sha256:4a40edb974ed4866e86d1af2d7a3399ef0c634af91a6dd4fe4ff68f7f4656c84"},
    {file = "astropy-3.2.3-cp37-cp37m-macosx_10_6_intel.whl", hash = "sha256:78f743020d63203cc723b2915a80d53f60416c1fcd54efba9538579bbf794d76"},
    {file = "astropy-3.2.3-cp37-cp37m-manylinux1_i686.whl", hash = "sha256:6a22733069d352309f2c9482599fede0a249037ae6d0cd83db6f501eec2ae3ac"},
    {file = "astropy-3.2.3-cp37-cp37m-manylinux1_x86_64.whl", hash = "sha256:f35a3eb0438c0d65fe73b8cd09ff1323cd265a05701049359a203fd8f9a08dbd"},
    {file = "astropy-3.2.3-cp37-cp37m-win32.whl", hash = "sha256:729c9b905562dd7866739fd52c819c1f9437dac8d83480e4cd1e86322110ed29"},
    {file = "astropy-3.2.3-cp37-cp37m-win_amd64.whl", hash = "sha256:1f0991019df0d9049143e6f63b773aeb9d16c632d2efb6761f0582a7afa59d7d"},
    {file = "astropy-3.2.3-cp38-cp38-macosx_10_9_x86_64.whl", hash = "sha256:8850958fb5cdcc4c40369541cd1be1c28c5f40c1f0b372dc9b3c799ca81ca6a4"},
    {file = "astropy-3.2.3-cp38-cp38-manylinux1_i686.whl", hash = "sha256:3de20dcb6ef676c851e27778d27bbb8d7f4e1a149ec3c5968dec87ce20ea3864"},
    {file = "astropy-3.2.3-cp38-cp38-manylinux1_x86_64.whl", hash = "sha256:4c03051504655bc83d1adf5a2772e1b1b1c4b49e1d54454dbc358d99eee88902"},
    {file = "astropy-3.2.3-cp38-cp38-win32.whl", hash = "sha256:efa49863064bbcb0651eb0f6af9bd439da482e4091764660475b8ff2bcd909b9"},
    {file = "astropy-3.2.3-cp38-cp38-win_amd64.whl", hash = "sha256:bbcaee3527bbc0460a7a46ce31873076312c9b0d9b84ef027b6313b0bb5c26ac"},
    {file = "astropy-3.2.3.tar.gz", hash = "sha256:47f00816c2978fdd10f448c8f0337d6dca7b8cbeaab4bf272b5fd37cb4b890d3"},
]
epochs = [
    {file = "epochs-0.2.0-py2.py3-none-any.whl", hash = "sha256:4fba2abe7dec700219f79c5438950dad28ec3223d75bc1c587aff2564c07df68"},
    {file = "epochs-0.2.0.tar.gz", hash = "sha256:8a41bc8424014700309cc4e824c7c2c620134b61a9aa032736c4cd49d6d65d83"},
]
numpy = [
    {file = "numpy-1.21.1-cp37-cp37m-macosx_10_9_x86_64.whl", hash = "sha256:38e8648f9449a549a7dfe8d8755a5979b45b3538520d1e735637ef28e8c2dc50"},
    {file = "numpy-1.21.1-cp37-cp37m-manylinux_2_12_i686.manylinux2010_i686.whl", hash = "sha256:fd7d7409fa643a91d0a05c7554dd68aa9c9bb16e186f6ccfe40d6e003156e33a"},
    {file = "numpy-1.21.1-cp37-cp37m-manylinux_2_12_x86_64.manylinux2010_x86_64.whl", hash = "sha256:a75b4498b1e93d8b700282dc8e655b8bd559c0904b3910b144646dbbbc03e062"},
    {file = "numpy-1.21.1-cp37-cp37m-manylinux_2_17_aarch64.manylinux2014_aarch64.whl", hash = "sha256:1412aa0aec3e00bc23fbb8664d76552b4efde98fb71f60737c83efbac24112f1"},
    {file = "numpy-1.21.1-cp37-cp37m-manylinux_2_5_i686.manylinux1_i686.whl", hash = "sha256:e46ceaff65609b5399163de5893d8f2a82d3c77d5e56d976c8b5fb01faa6b671"},
    {file = "numpy-1.21.1-cp37-cp37m-manylinux_2_5_x86_64.manylinux1_x86_64.whl", hash = "sha256:c6a2324085dd52f96498419ba95b5777e40b6bcbc20088fddb9e8cbb58885e8e"},
    {file = "numpy-1.21.1-cp37-cp37m-win32.whl", hash = "sha256:73101b2a1fef16602696d133db402a7e7586654682244344b8329cdcbbb82172"},
    {file = "numpy-1.21.1-cp37-cp37m-win_amd64.whl", hash = "sha256:7a708a79c9a9d26904d1cca8d383bf869edf6f8e7650d85dbc77b041e8c5a0f8"},
    {file = "numpy-1.21.1-cp38-cp38-macosx_10_9_universal2.whl", hash = "sha256:95b995d0c413f5d0428b3f880e8fe1660ff9396dcd1f9eedbc311f37b5652e16"},
    {file = "numpy-1.21.1-cp38-cp38-macosx_10_9_x86_64.whl", hash = "sha256:635e6bd31c9fb3d475c8f44a089569070d10a9ef18ed13738b03049280281267"},
    {file = "numpy-1.21.1-cp38-cp38-macosx_11_0_arm64.whl", hash = "sha256:4a3d5fb89bfe21be2ef47c0614b9c9c707b7362386c9a3ff1feae63e0267ccb6"},
    {file = "numpy-1.21.1-cp38-cp38-manylinux_2_12_i686.manylinux2010_i686.whl", hash = "sha256:8a326af80e86d0e9ce92bcc1e65c8ff88297de4fa14ee936cb2293d414c9ec63"},
    {file = "numpy-1.21.1-cp38-cp38-manylinux_2_12_x86_64.manylinux2010_x86_64.whl", hash = "sha256:791492091744b0fe390a6ce85cc1bf5149968ac7d5f0477288f78c89b385d9af"},
    {file = "numpy-1.21.1-cp38-cp38-manylinux_2_17_aarch64.manylinux2014_aarch64.whl", hash = "sha256:0318c465786c1f63ac05d7c4dbcecd4d2d7e13f0959b01b534ea1e92202235c5"},
    {file = "numpy-1.21.1-cp38-cp38-manylinux_2_5_i686.manylinux1_i686.whl", hash = "sha256:9a513bd9c1551894ee3d31369f9b07460ef223694098cf27d399513415855b68"},
    {file = "numpy-1.21.1-cp38-cp38-manylinux_2_5_x86_64.manylinux1_x86_64.whl", hash = "sha256:91c6f5fc58df1e0a3cc0c3a717bb3308ff850abdaa6d2d802573ee2b11f674a8"},
    {file = "numpy-1.21.1-cp38-cp38-win32.whl", hash = "sha256:978010b68e17150db8765355d1ccdd450f9fc916824e8c4e35ee620590e234cd"},
    {file = "numpy-1.21.1-cp38-cp38-win_amd64.whl", hash = "sha256:9749a40a5b22333467f02fe11edc98f022133ee1bfa8ab99bda5e5437b831214"},
    {file = "numpy-1.21.1-cp39-cp39-macosx_10_9_universal2.whl", hash = "sha256:d7a4aeac3b94af92a9373d6e77b37691b86411f9745190d2c351f410ab3a791f"},
    {file = "numpy-1.21.1-cp39-cp39-macosx_10_9_x86_64.whl", hash = "sha256:d9e7912a56108aba9b31df688a4c4f5cb0d9d3787386b87d504762b6754fbb1b"},
    {file = "numpy-1.21.1-cp39-cp39-macosx_11_0_arm64.whl", hash = "sha256:25b40b98ebdd272bc3020935427a4530b7d60dfbe1ab9381a39147834e985eac"},
    {file = "numpy-1.21.1-cp39-cp39-manylinux_2_12_i686.manylinux2010_i686.whl", hash = "sha256:8a92c5aea763d14ba9d6475803fc7904bda7decc2a0a68153f587ad82941fec1"},
    {file = "numpy-1.21.1-cp39-cp39-manylinux_2_12_x86_64.manylinux2010_x86_64.whl", hash = "sha256:05a0f648eb28bae4bcb204e6fd14603de2908de982e761a2fc78efe0f19e96e1"},
    {file = "numpy-1.21.1-cp39-cp39-manylinux_2_17_aarch64.manylinux2014_aarch64.whl", hash = "sha256:f01f28075a92eede918b965e86e8f0ba7b7797a95aa8d35e1cc8821f5fc3ad6a"},
    {file = "numpy-1.21.1-cp39-cp39-win32.whl", hash = "sha256:88c0b89ad1cc24a5efbb99ff9ab5db0f9a86e9cc50240177a571fbe9c2860ac2"},
    {file = "numpy-1.21.1-cp39-cp39-win_amd64.whl", hash = "sha256:01721eefe70544d548425a07c80be8377096a54118070b8a62476866d5208e33"},
    {file = "numpy-1.21.1-pp37-pypy37_pp73-manylinux_2_12_x86_64.manylinux2010_x86_64.whl", hash = "sha256:2d4d1de6e6fb3d28781c73fbde702ac97f03d79e4ffd6598b880b2d95d62ead4"},
    {file = "numpy-1.21.1.zip", hash = "sha256:dff4af63638afcc57a3dfb9e4b26d434a7a602d225b42d746ea7fe2edf1342fd"},
]
python-dateutil = [
    {file = "python-dateutil-2.8.2.tar.gz", hash = "sha256:0123cacc1627ae19ddf3c27a5de5bd67ee4586fbdd6440d9748f8abb483d3e86"},
    {file = "python_dateutil-2.8.2-py2.py3-none-any.whl", hash = "sha256:961d03dc3453ebbc59dbdea9e4e11c5651520a876d0f4db161e8674aae935da9"},
]
six = [
    {file = "six-1.16.0-py2.py3-none-any.whl", hash = "sha256:8abb2f1d86890a2dfb989f9a77cfcfd3e47c2a354b01111771326f8aa26e0254"},
    {file = "six-1.16.0.tar.gz", hash = "sha256:1e61c37477a1626458e36f7b1d82aa5c9b094fa4802892072e49de9c60c4c926"},
]
